
Microsoft Visual Studio Solution File, Format Version 12.00
# Visual Studio Version 16
VisualStudioVersion = 16.0.30104.148
MinimumVisualStudioVersion = 10.0.40219.1
Project("{9A19103F-16F7-4668-BE54-9A1E7A4F7556}") = "ListUpUsingMaterial", "ListUpUsingMaterial\ListUpUsingMaterial.csproj", "{550A8B0A-A574-4EB5-9587-9F33BD2CFB91}"
EndProject
Project("{9A19103F-16F7-4668-BE54-9A1E7A4F7556}") = "ListUpUsingMaterialTest", "ListUpUsingMaterialTest\ListUpUsingMaterialTest.csproj", "{4016D958-7D77-4866-9683-CF5A874CFE45}"
EndProject
Global
	GlobalSection(SolutionConfigurationPlatforms) = preSolution
		Debug|Any CPU = Debug|Any CPU
		Release|Any CPU = Release|Any CPU
	EndGlobalSection
	GlobalSection(ProjectConfigurationPlatforms) = postSolution
		{550A8B0A-A574-4EB5-9587-9F33BD2CFB91}.Debug|Any CPU.ActiveCfg = Debug|Any CPU
		{550A8B0A-A574-4EB5-9587-9F33BD2CFB91}.Debug|Any CPU.Build.0 = Debug|Any CPU
		{550A8B0A-A574-4EB5-9587-9F33BD2CFB91}.Release|Any CPU.ActiveCfg = Release|Any CPU
		{550A8B0A-A574-4EB5-9587-9F33BD2CFB91}.Release|Any CPU.Build.0 = Release|Any CPU
		{4016D958-7D77-4866-9683-CF5A874CFE45}.Debug|Any CPU.ActiveCfg = Debug|Any CPU
		{4016D958-7D77-4866-9683-CF5A874CFE45}.Debug|Any CPU.Build.0 = Debug|Any CPU
		{4016D958-7D77-4866-9683-CF5A874CFE45}.Release|Any CPU.ActiveCfg = Release|Any CPU
		{4016D958-7D77-4866-9683-CF5A874CFE45}.Release|Any CPU.Build.0 = Release|Any CPU
	EndGlobalSection
	GlobalSection(SolutionProperties) = preSolution
		HideSolutionNode = FALSE
	EndGlobalSection
	GlobalSection(ExtensibilityGlobals) = postSolution
		SolutionGuid = {FA928C9F-1659-41D5-B529-27BCED6453E1}
	EndGlobalSection
EndGlobal
